
Microsoft Visual Studio Solution File, Format Version 12.00
# Visual Studio Version 17
VisualStudioVersion = 17.3.32922.545
MinimumVisualStudioVersion = 10.0.40219.1
Project("{FAE04EC0-301F-11D3-BF4B-00C04F79EFBC}") = "nesne1.1", "nesne1.1\nesne1.1.csproj", "{A5D9596C-7592-443D-A000-F981E7EF85A8}"
EndProject
Global
	GlobalSection(SolutionConfigurationPlatforms) = preSolution
		Debug|Any CPU = Debug|Any CPU
		Release|Any CPU = Release|Any CPU
	EndGlobalSection
	GlobalSection(ProjectConfigurationPlatforms) = postSolution
		{A5D9596C-7592-443D-A000-F981E7EF85A8}.Debug|Any CPU.ActiveCfg = Debug|Any CPU
		{A5D9596C-7592-443D-A000-F981E7EF85A8}.Debug|Any CPU.Build.0 = Debug|Any CPU
		{A5D9596C-7592-443D-A000-F981E7EF85A8}.Release|Any CPU.ActiveCfg = Release|Any CPU
		{A5D9596C-7592-443D-A000-F981E7EF85A8}.Release|Any CPU.Build.0 = Release|Any CPU
	EndGlobalSection
	GlobalSection(SolutionProperties) = preSolution
		HideSolutionNode = FALSE
	EndGlobalSection
	GlobalSection(ExtensibilityGlobals) = postSolution
		SolutionGuid = {501D5DC5-3F30-4693-9FE8-438CBF5D8C09}
	EndGlobalSection
EndGlobal
